// !$*UTF8*$!
{
	archiveVersion = 1;
	classes = {
	};
	objectVersion = 55;
	objects = {

/* Begin PBXBuildFile section */
		95676A3C274A905800209844 /* SchoolClass.swift in Sources */ = {isa = PBXBuildFile; fileRef = 95676A3B274A905800209844 /* SchoolClass.swift */; };
		95676A3E274A906800209844 /* SchoolClassSearch.swift in Sources */ = {isa = PBXBuildFile; fileRef = 95676A3D274A906700209844 /* SchoolClassSearch.swift */; };
		95676A40274A908200209844 /* ClassModel.swift in Sources */ = {isa = PBXBuildFile; fileRef = 95676A3F274A908200209844 /* ClassModel.swift */; };
		95676A42274A95AC00209844 /* ElsTime.swift in Sources */ = {isa = PBXBuildFile; fileRef = 95676A41274A95AC00209844 /* ElsTime.swift */; };
		95676A44274A968100209844 /* MisTimeSearch.swift in Sources */ = {isa = PBXBuildFile; fileRef = 95676A43274A968100209844 /* MisTimeSearch.swift */; };
		95676A48274A96A700209844 /* ElsTimeSearch.swift in Sources */ = {isa = PBXBuildFile; fileRef = 95676A47274A96A700209844 /* ElsTimeSearch.swift */; };
		95676A4A274A9A4C00209844 /* MealSearch.swift in Sources */ = {isa = PBXBuildFile; fileRef = 95676A49274A9A4C00209844 /* MealSearch.swift */; };
		95676A4C274A9A5800209844 /* Meal.swift in Sources */ = {isa = PBXBuildFile; fileRef = 95676A4B274A9A5800209844 /* Meal.swift */; };
		95676A4E274AA64C00209844 /* MealModel.swift in Sources */ = {isa = PBXBuildFile; fileRef = 95676A4D274AA64C00209844 /* MealModel.swift */; };
		95676A50274AA69900209844 /* MealView.swift in Sources */ = {isa = PBXBuildFile; fileRef = 95676A4F274AA69900209844 /* MealView.swift */; };
		95676A52274B26E800209844 /* SchoolTabView.swift in Sources */ = {isa = PBXBuildFile; fileRef = 95676A51274B26E800209844 /* SchoolTabView.swift */; };
		95676A54274C94CD00209844 /* ElsTimeModel.swift in Sources */ = {isa = PBXBuildFile; fileRef = 95676A53274C94CD00209844 /* ElsTimeModel.swift */; };
		95A09449271C7D2B0056F8E2 /* TimetableApp.swift in Sources */ = {isa = PBXBuildFile; fileRef = 95A09448271C7D2B0056F8E2 /* TimetableApp.swift */; };
		95A0944B271C7D2B0056F8E2 /* HomeView.swift in Sources */ = {isa = PBXBuildFile; fileRef = 95A0944A271C7D2B0056F8E2 /* HomeView.swift */; };
		95A0944D271C7D2D0056F8E2 /* Assets.xcassets in Resources */ = {isa = PBXBuildFile; fileRef = 95A0944C271C7D2D0056F8E2 /* Assets.xcassets */; };
		95A09450271C7D2D0056F8E2 /* Preview Assets.xcassets in Resources */ = {isa = PBXBuildFile; fileRef = 95A0944F271C7D2D0056F8E2 /* Preview Assets.xcassets */; };
		95A09459271C7D6B0056F8E2 /* 일광초등학교시간표.json in Resources */ = {isa = PBXBuildFile; fileRef = 95A09458271C7D6B0056F8E2 /* 일광초등학교시간표.json */; };
		95A0945B271C7E780056F8E2 /* 일광중학교시간표.json in Resources */ = {isa = PBXBuildFile; fileRef = 95A0945A271C7E780056F8E2 /* 일광중학교시간표.json */; };
		95A09460271C80270056F8E2 /* MisTime.swift in Sources */ = {isa = PBXBuildFile; fileRef = 95A0945F271C80260056F8E2 /* MisTime.swift */; };
		95A09466271C80D30056F8E2 /* MisTimeModel.swift in Sources */ = {isa = PBXBuildFile; fileRef = 95A09465271C80D30056F8E2 /* MisTimeModel.swift */; };
		95A0946C271CEC620056F8E2 /* HomeViewRow.swift in Sources */ = {isa = PBXBuildFile; fileRef = 95A0946B271CEC620056F8E2 /* HomeViewRow.swift */; };
		95A09473271DBD030056F8E2 /* schoolInfo.json in Resources */ = {isa = PBXBuildFile; fileRef = 95A09472271DBD030056F8E2 /* schoolInfo.json */; };
		95A09475271DBFC20056F8E2 /* SchoolSearch.swift in Sources */ = {isa = PBXBuildFile; fileRef = 95A09474271DBFC20056F8E2 /* SchoolSearch.swift */; };
		95A09477271DC1290056F8E2 /* SchoolModel.swift in Sources */ = {isa = PBXBuildFile; fileRef = 95A09476271DC1290056F8E2 /* SchoolModel.swift */; };
		95A2625B2738CB9E00E24CA8 /* School.swift in Sources */ = {isa = PBXBuildFile; fileRef = 95A2625A2738CB9E00E24CA8 /* School.swift */; };
		95CCD7A2271FA042004ED55D /* TimetableView.swift in Sources */ = {isa = PBXBuildFile; fileRef = 95CCD7A1271FA042004ED55D /* TimetableView.swift */; };
/* End PBXBuildFile section */

/* Begin PBXFileReference section */
		95676A3B274A905800209844 /* SchoolClass.swift */ = {isa = PBXFileReference; lastKnownFileType = sourcecode.swift; path = SchoolClass.swift; sourceTree = "<group>"; };
		95676A3D274A906700209844 /* SchoolClassSearch.swift */ = {isa = PBXFileReference; lastKnownFileType = sourcecode.swift; path = SchoolClassSearch.swift; sourceTree = "<group>"; };
		95676A3F274A908200209844 /* ClassModel.swift */ = {isa = PBXFileReference; lastKnownFileType = sourcecode.swift; path = ClassModel.swift; sourceTree = "<group>"; };
		95676A41274A95AC00209844 /* ElsTime.swift */ = {isa = PBXFileReference; lastKnownFileType = sourcecode.swift; path = ElsTime.swift; sourceTree = "<group>"; };
		95676A43274A968100209844 /* MisTimeSearch.swift */ = {isa = PBXFileReference; lastKnownFileType = sourcecode.swift; path = MisTimeSearch.swift; sourceTree = "<group>"; };
		95676A47274A96A700209844 /* ElsTimeSearch.swift */ = {isa = PBXFileReference; lastKnownFileType = sourcecode.swift; path = ElsTimeSearch.swift; sourceTree = "<group>"; };
		95676A49274A9A4C00209844 /* MealSearch.swift */ = {isa = PBXFileReference; lastKnownFileType = sourcecode.swift; path = MealSearch.swift; sourceTree = "<group>"; };
		95676A4B274A9A5800209844 /* Meal.swift */ = {isa = PBXFileReference; lastKnownFileType = sourcecode.swift; path = Meal.swift; sourceTree = "<group>"; };
		95676A4D274AA64C00209844 /* MealModel.swift */ = {isa = PBXFileReference; lastKnownFileType = sourcecode.swift; path = MealModel.swift; sourceTree = "<group>"; };
		95676A4F274AA69900209844 /* MealView.swift */ = {isa = PBXFileReference; lastKnownFileType = sourcecode.swift; path = MealView.swift; sourceTree = "<group>"; };
		95676A51274B26E800209844 /* SchoolTabView.swift */ = {isa = PBXFileReference; lastKnownFileType = sourcecode.swift; path = SchoolTabView.swift; sourceTree = "<group>"; };
		95676A53274C94CD00209844 /* ElsTimeModel.swift */ = {isa = PBXFileReference; lastKnownFileType = sourcecode.swift; path = ElsTimeModel.swift; sourceTree = "<group>"; };
		95A09445271C7D2B0056F8E2 /* Timetable.app */ = {isa = PBXFileReference; explicitFileType = wrapper.application; includeInIndex = 0; path = Timetable.app; sourceTree = BUILT_PRODUCTS_DIR; };
		95A09448271C7D2B0056F8E2 /* TimetableApp.swift */ = {isa = PBXFileReference; lastKnownFileType = sourcecode.swift; path = TimetableApp.swift; sourceTree = "<group>"; };
		95A0944A271C7D2B0056F8E2 /* HomeView.swift */ = {isa = PBXFileReference; lastKnownFileType = sourcecode.swift; path = HomeView.swift; sourceTree = "<group>"; };
		95A0944C271C7D2D0056F8E2 /* Assets.xcassets */ = {isa = PBXFileReference; lastKnownFileType = folder.assetcatalog; path = Assets.xcassets; sourceTree = "<group>"; };
		95A0944F271C7D2D0056F8E2 /* Preview Assets.xcassets */ = {isa = PBXFileReference; lastKnownFileType = folder.assetcatalog; path = "Preview Assets.xcassets"; sourceTree = "<group>"; };
		95A09458271C7D6B0056F8E2 /* 일광초등학교시간표.json */ = {isa = PBXFileReference; fileEncoding = 4; lastKnownFileType = text.json; path = "일광초등학교시간표.json"; sourceTree = "<group>"; };
		95A0945A271C7E780056F8E2 /* 일광중학교시간표.json */ = {isa = PBXFileReference; fileEncoding = 4; lastKnownFileType = text.json; path = "일광중학교시간표.json"; sourceTree = "<group>"; };
		95A0945F271C80260056F8E2 /* MisTime.swift */ = {isa = PBXFileReference; lastKnownFileType = sourcecode.swift; path = MisTime.swift; sourceTree = "<group>"; };
		95A09465271C80D30056F8E2 /* MisTimeModel.swift */ = {isa = PBXFileReference; lastKnownFileType = sourcecode.swift; path = MisTimeModel.swift; sourceTree = "<group>"; };
		95A0946B271CEC620056F8E2 /* HomeViewRow.swift */ = {isa = PBXFileReference; lastKnownFileType = sourcecode.swift; path = HomeViewRow.swift; sourceTree = "<group>"; };
		95A09472271DBD030056F8E2 /* schoolInfo.json */ = {isa = PBXFileReference; fileEncoding = 4; lastKnownFileType = text.json; name = schoolInfo.json; path = ../../../Resources/schoolInfo.json; sourceTree = "<group>"; };
		95A09474271DBFC20056F8E2 /* SchoolSearch.swift */ = {isa = PBXFileReference; lastKnownFileType = sourcecode.swift; path = SchoolSearch.swift; sourceTree = "<group>"; };
		95A09476271DC1290056F8E2 /* SchoolModel.swift */ = {isa = PBXFileReference; lastKnownFileType = sourcecode.swift; path = SchoolModel.swift; sourceTree = "<group>"; };
		95A2625A2738CB9E00E24CA8 /* School.swift */ = {isa = PBXFileReference; lastKnownFileType = sourcecode.swift; path = School.swift; sourceTree = "<group>"; };
		95CCD7A1271FA042004ED55D /* TimetableView.swift */ = {isa = PBXFileReference; lastKnownFileType = sourcecode.swift; path = TimetableView.swift; sourceTree = "<group>"; };
/* End PBXFileReference section */

/* Begin PBXFrameworksBuildPhase section */
		95A09442271C7D2B0056F8E2 /* Frameworks */ = {
			isa = PBXFrameworksBuildPhase;
			buildActionMask = 2147483647;
			files = (
			);
			runOnlyForDeploymentPostprocessing = 0;
		};
/* End PBXFrameworksBuildPhase section */

/* Begin PBXGroup section */
		95A0943C271C7D2B0056F8E2 = {
			isa = PBXGroup;
			children = (
				95A09447271C7D2B0056F8E2 /* Timetable */,
				95A09446271C7D2B0056F8E2 /* Products */,
			);
			sourceTree = "<group>";
		};
		95A09446271C7D2B0056F8E2 /* Products */ = {
			isa = PBXGroup;
			children = (
				95A09445271C7D2B0056F8E2 /* Timetable.app */,
			);
			name = Products;
			sourceTree = "<group>";
		};
		95A09447271C7D2B0056F8E2 /* Timetable */ = {
			isa = PBXGroup;
			children = (
				95A09448271C7D2B0056F8E2 /* TimetableApp.swift */,
				95A0945D271C7F920056F8E2 /* Views */,
				95A0945E271C7F980056F8E2 /* ViewModels */,
				95A0945C271C7F890056F8E2 /* Models */,
				95A09457271C7D4D0056F8E2 /* Resources */,
				95A09456271C7D360056F8E2 /* Utilities */,
				95A0944C271C7D2D0056F8E2 /* Assets.xcassets */,
				95A0944E271C7D2D0056F8E2 /* Preview Content */,
			);
			path = Timetable;
			sourceTree = "<group>";
		};
		95A0944E271C7D2D0056F8E2 /* Preview Content */ = {
			isa = PBXGroup;
			children = (
				95A0944F271C7D2D0056F8E2 /* Preview Assets.xcassets */,
			);
			path = "Preview Content";
			sourceTree = "<group>";
		};
		95A09456271C7D360056F8E2 /* Utilities */ = {
			isa = PBXGroup;
			children = (
			);
			path = Utilities;
			sourceTree = "<group>";
		};
		95A09457271C7D4D0056F8E2 /* Resources */ = {
			isa = PBXGroup;
			children = (
				95A09458271C7D6B0056F8E2 /* 일광초등학교시간표.json */,
				95A0945A271C7E780056F8E2 /* 일광중학교시간표.json */,
				95A09472271DBD030056F8E2 /* schoolInfo.json */,
			);
			path = Resources;
			sourceTree = "<group>";
		};
		95A0945C271C7F890056F8E2 /* Models */ = {
			isa = PBXGroup;
			children = (
				95A09474271DBFC20056F8E2 /* SchoolSearch.swift */,
				95A2625A2738CB9E00E24CA8 /* School.swift */,
				95676A3D274A906700209844 /* SchoolClassSearch.swift */,
				95676A3B274A905800209844 /* SchoolClass.swift */,
				95676A43274A968100209844 /* MisTimeSearch.swift */,
				95A0945F271C80260056F8E2 /* MisTime.swift */,
				95676A47274A96A700209844 /* ElsTimeSearch.swift */,
				95676A41274A95AC00209844 /* ElsTime.swift */,
				95676A49274A9A4C00209844 /* MealSearch.swift */,
				95676A4B274A9A5800209844 /* Meal.swift */,
			);
			path = Models;
			sourceTree = "<group>";
		};
		95A0945D271C7F920056F8E2 /* Views */ = {
			isa = PBXGroup;
			children = (
				95676A51274B26E800209844 /* SchoolTabView.swift */,
				95A0944A271C7D2B0056F8E2 /* HomeView.swift */,
				95A0946B271CEC620056F8E2 /* HomeViewRow.swift */,
				95CCD7A1271FA042004ED55D /* TimetableView.swift */,
				95676A4F274AA69900209844 /* MealView.swift */,
			);
			path = Views;
			sourceTree = "<group>";
		};
		95A0945E271C7F980056F8E2 /* ViewModels */ = {
			isa = PBXGroup;
			children = (
				95A09476271DC1290056F8E2 /* SchoolModel.swift */,
				95676A3F274A908200209844 /* ClassModel.swift */,
				95A09465271C80D30056F8E2 /* MisTimeModel.swift */,
				95676A53274C94CD00209844 /* ElsTimeModel.swift */,
				95676A4D274AA64C00209844 /* MealModel.swift */,
			);
			path = ViewModels;
			sourceTree = "<group>";
		};
/* End PBXGroup section */

/* Begin PBXNativeTarget section */
		95A09444271C7D2B0056F8E2 /* Timetable */ = {
			isa = PBXNativeTarget;
			buildConfigurationList = 95A09453271C7D2D0056F8E2 /* Build configuration list for PBXNativeTarget "Timetable" */;
			buildPhases = (
				95A09441271C7D2B0056F8E2 /* Sources */,
				95A09442271C7D2B0056F8E2 /* Frameworks */,
				95A09443271C7D2B0056F8E2 /* Resources */,
			);
			buildRules = (
			);
			dependencies = (
			);
			name = Timetable;
			productName = Timetable;
			productReference = 95A09445271C7D2B0056F8E2 /* Timetable.app */;
			productType = "com.apple.product-type.application";
		};
/* End PBXNativeTarget section */

/* Begin PBXProject section */
		95A0943D271C7D2B0056F8E2 /* Project object */ = {
			isa = PBXProject;
			attributes = {
				BuildIndependentTargetsInParallel = 1;
				LastSwiftUpdateCheck = 1300;
				LastUpgradeCheck = 1300;
				TargetAttributes = {
					95A09444271C7D2B0056F8E2 = {
						CreatedOnToolsVersion = 13.0;
					};
				};
			};
			buildConfigurationList = 95A09440271C7D2B0056F8E2 /* Build configuration list for PBXProject "Timetable" */;
			compatibilityVersion = "Xcode 13.0";
			developmentRegion = en;
			hasScannedForEncodings = 0;
			knownRegions = (
				en,
				Base,
			);
			mainGroup = 95A0943C271C7D2B0056F8E2;
			productRefGroup = 95A09446271C7D2B0056F8E2 /* Products */;
			projectDirPath = "";
			projectRoot = "";
			targets = (
				95A09444271C7D2B0056F8E2 /* Timetable */,
			);
		};
/* End PBXProject section */

/* Begin PBXResourcesBuildPhase section */
		95A09443271C7D2B0056F8E2 /* Resources */ = {
			isa = PBXResourcesBuildPhase;
			buildActionMask = 2147483647;
			files = (
				95A09459271C7D6B0056F8E2 /* 일광초등학교시간표.json in Resources */,
				95A0945B271C7E780056F8E2 /* 일광중학교시간표.json in Resources */,
				95A09450271C7D2D0056F8E2 /* Preview Assets.xcassets in Resources */,
				95A09473271DBD030056F8E2 /* schoolInfo.json in Resources */,
				95A0944D271C7D2D0056F8E2 /* Assets.xcassets in Resources */,
			);
			runOnlyForDeploymentPostprocessing = 0;
		};
/* End PBXResourcesBuildPhase section */

/* Begin PBXSourcesBuildPhase section */
		95A09441271C7D2B0056F8E2 /* Sources */ = {
			isa = PBXSourcesBuildPhase;
			buildActionMask = 2147483647;
			files = (
				95676A4A274A9A4C00209844 /* MealSearch.swift in Sources */,
				95676A42274A95AC00209844 /* ElsTime.swift in Sources */,
				95676A40274A908200209844 /* ClassModel.swift in Sources */,
				95676A4C274A9A5800209844 /* Meal.swift in Sources */,
				95676A50274AA69900209844 /* MealView.swift in Sources */,
				95676A3C274A905800209844 /* SchoolClass.swift in Sources */,
				95676A54274C94CD00209844 /* ElsTimeModel.swift in Sources */,
				95A0946C271CEC620056F8E2 /* HomeViewRow.swift in Sources */,
				95A09466271C80D30056F8E2 /* MisTimeModel.swift in Sources */,
				95A09477271DC1290056F8E2 /* SchoolModel.swift in Sources */,
				95676A44274A968100209844 /* MisTimeSearch.swift in Sources */,
				95676A52274B26E800209844 /* SchoolTabView.swift in Sources */,
				95A0944B271C7D2B0056F8E2 /* HomeView.swift in Sources */,
				95A09460271C80270056F8E2 /* MisTime.swift in Sources */,
				95A09449271C7D2B0056F8E2 /* TimetableApp.swift in Sources */,
				95676A48274A96A700209844 /* ElsTimeSearch.swift in Sources */,
				95A2625B2738CB9E00E24CA8 /* School.swift in Sources */,
				95CCD7A2271FA042004ED55D /* TimetableView.swift in Sources */,
				95676A3E274A906800209844 /* SchoolClassSearch.swift in Sources */,
				95676A4E274AA64C00209844 /* MealModel.swift in Sources */,
				95A09475271DBFC20056F8E2 /* SchoolSearch.swift in Sources */,
			);
			runOnlyForDeploymentPostprocessing = 0;
		};
/* End PBXSourcesBuildPhase section */

/* Begin XCBuildConfiguration section */
		95A09451271C7D2D0056F8E2 /* Debug */ = {
			isa = XCBuildConfiguration;
			buildSettings = {
				ALWAYS_SEARCH_USER_PATHS = NO;
				CLANG_ANALYZER_NONNULL = YES;
				CLANG_ANALYZER_NUMBER_OBJECT_CONVERSION = YES_AGGRESSIVE;
				CLANG_CXX_LANGUAGE_STANDARD = "gnu++17";
				CLANG_CXX_LIBRARY = "libc++";
				CLANG_ENABLE_MODULES = YES;
				CLANG_ENABLE_OBJC_ARC = YES;
				CLANG_ENABLE_OBJC_WEAK = YES;
				CLANG_WARN_BLOCK_CAPTURE_AUTORELEASING = YES;
				CLANG_WARN_BOOL_CONVERSION = YES;
				CLANG_WARN_COMMA = YES;
				CLANG_WARN_CONSTANT_CONVERSION = YES;
				CLANG_WARN_DEPRECATED_OBJC_IMPLEMENTATIONS = YES;
				CLANG_WARN_DIRECT_OBJC_ISA_USAGE = YES_ERROR;
				CLANG_WARN_DOCUMENTATION_COMMENTS = YES;
				CLANG_WARN_EMPTY_BODY = YES;
				CLANG_WARN_ENUM_CONVERSION = YES;
				CLANG_WARN_INFINITE_RECURSION = YES;
				CLANG_WARN_INT_CONVERSION = YES;
				CLANG_WARN_NON_LITERAL_NULL_CONVERSION = YES;
				CLANG_WARN_OBJC_IMPLICIT_RETAIN_SELF = YES;
				CLANG_WARN_OBJC_LITERAL_CONVERSION = YES;
				CLANG_WARN_OBJC_ROOT_CLASS = YES_ERROR;
				CLANG_WARN_QUOTED_INCLUDE_IN_FRAMEWORK_HEADER = YES;
				CLANG_WARN_RANGE_LOOP_ANALYSIS = YES;
				CLANG_WARN_STRICT_PROTOTYPES = YES;
				CLANG_WARN_SUSPICIOUS_MOVE = YES;
				CLANG_WARN_UNGUARDED_AVAILABILITY = YES_AGGRESSIVE;
				CLANG_WARN_UNREACHABLE_CODE = YES;
				CLANG_WARN__DUPLICATE_METHOD_MATCH = YES;
				COPY_PHASE_STRIP = NO;
				DEBUG_INFORMATION_FORMAT = dwarf;
				ENABLE_STRICT_OBJC_MSGSEND = YES;
				ENABLE_TESTABILITY = YES;
				GCC_C_LANGUAGE_STANDARD = gnu11;
				GCC_DYNAMIC_NO_PIC = NO;
				GCC_NO_COMMON_BLOCKS = YES;
				GCC_OPTIMIZATION_LEVEL = 0;
				GCC_PREPROCESSOR_DEFINITIONS = (
					"DEBUG=1",
					"$(inherited)",
				);
				GCC_WARN_64_TO_32_BIT_CONVERSION = YES;
				GCC_WARN_ABOUT_RETURN_TYPE = YES_ERROR;
				GCC_WARN_UNDECLARED_SELECTOR = YES;
				GCC_WARN_UNINITIALIZED_AUTOS = YES_AGGRESSIVE;
				GCC_WARN_UNUSED_FUNCTION = YES;
				GCC_WARN_UNUSED_VARIABLE = YES;
				IPHONEOS_DEPLOYMENT_TARGET = 15.0;
				MTL_ENABLE_DEBUG_INFO = INCLUDE_SOURCE;
				MTL_FAST_MATH = YES;
				ONLY_ACTIVE_ARCH = YES;
				SDKROOT = iphoneos;
				SWIFT_ACTIVE_COMPILATION_CONDITIONS = DEBUG;
				SWIFT_OPTIMIZATION_LEVEL = "-Onone";
			};
			name = Debug;
		};
		95A09452271C7D2D0056F8E2 /* Release */ = {
			isa = XCBuildConfiguration;
			buildSettings = {
				ALWAYS_SEARCH_USER_PATHS = NO;
				CLANG_ANALYZER_NONNULL = YES;
				CLANG_ANALYZER_NUMBER_OBJECT_CONVERSION = YES_AGGRESSIVE;
				CLANG_CXX_LANGUAGE_STANDARD = "gnu++17";
				CLANG_CXX_LIBRARY = "libc++";
				CLANG_ENABLE_MODULES = YES;
				CLANG_ENABLE_OBJC_ARC = YES;
				CLANG_ENABLE_OBJC_WEAK = YES;
				CLANG_WARN_BLOCK_CAPTURE_AUTORELEASING = YES;
				CLANG_WARN_BOOL_CONVERSION = YES;
				CLANG_WARN_COMMA = YES;
				CLANG_WARN_CONSTANT_CONVERSION = YES;
				CLANG_WARN_DEPRECATED_OBJC_IMPLEMENTATIONS = YES;
				CLANG_WARN_DIRECT_OBJC_ISA_USAGE = YES_ERROR;
				CLANG_WARN_DOCUMENTATION_COMMENTS = YES;
				CLANG_WARN_EMPTY_BODY = YES;
				CLANG_WARN_ENUM_CONVERSION = YES;
				CLANG_WARN_INFINITE_RECURSION = YES;
				CLANG_WARN_INT_CONVERSION = YES;
				CLANG_WARN_NON_LITERAL_NULL_CONVERSION = YES;
				CLANG_WARN_OBJC_IMPLICIT_RETAIN_SELF = YES;
				CLANG_WARN_OBJC_LITERAL_CONVERSION = YES;
				CLANG_WARN_OBJC_ROOT_CLASS = YES_ERROR;
				CLANG_WARN_QUOTED_INCLUDE_IN_FRAMEWORK_HEADER = YES;
				CLANG_WARN_RANGE_LOOP_ANALYSIS = YES;
				CLANG_WARN_STRICT_PROTOTYPES = YES;
				CLANG_WARN_SUSPICIOUS_MOVE = YES;
				CLANG_WARN_UNGUARDED_AVAILABILITY = YES_AGGRESSIVE;
				CLANG_WARN_UNREACHABLE_CODE = YES;
				CLANG_WARN__DUPLICATE_METHOD_MATCH = YES;
				COPY_PHASE_STRIP = NO;
				DEBUG_INFORMATION_FORMAT = "dwarf-with-dsym";
				ENABLE_NS_ASSERTIONS = NO;
				ENABLE_STRICT_OBJC_MSGSEND = YES;
				GCC_C_LANGUAGE_STANDARD = gnu11;
				GCC_NO_COMMON_BLOCKS = YES;
				GCC_WARN_64_TO_32_BIT_CONVERSION = YES;
				GCC_WARN_ABOUT_RETURN_TYPE = YES_ERROR;
				GCC_WARN_UNDECLARED_SELECTOR = YES;
				GCC_WARN_UNINITIALIZED_AUTOS = YES_AGGRESSIVE;
				GCC_WARN_UNUSED_FUNCTION = YES;
				GCC_WARN_UNUSED_VARIABLE = YES;
				IPHONEOS_DEPLOYMENT_TARGET = 15.0;
				MTL_ENABLE_DEBUG_INFO = NO;
				MTL_FAST_MATH = YES;
				SDKROOT = iphoneos;
				SWIFT_COMPILATION_MODE = wholemodule;
				SWIFT_OPTIMIZATION_LEVEL = "-O";
				VALIDATE_PRODUCT = YES;
			};
			name = Release;
		};
		95A09454271C7D2D0056F8E2 /* Debug */ = {
			isa = XCBuildConfiguration;
			buildSettings = {
				ASSETCATALOG_COMPILER_APPICON_NAME = AppIcon;
				ASSETCATALOG_COMPILER_GLOBAL_ACCENT_COLOR_NAME = AccentColor;
				CODE_SIGN_STYLE = Automatic;
				CURRENT_PROJECT_VERSION = 1;
				DEVELOPMENT_ASSET_PATHS = "\"Timetable/Preview Content\"";
				DEVELOPMENT_TEAM = S22BM23G87;
				ENABLE_PREVIEWS = YES;
				GENERATE_INFOPLIST_FILE = YES;
				INFOPLIST_FILE = Timetable/Info.plist;
				INFOPLIST_KEY_UIApplicationSceneManifest_Generation = YES;
				INFOPLIST_KEY_UIApplicationSupportsIndirectInputEvents = YES;
				INFOPLIST_KEY_UILaunchScreen_Generation = YES;
				INFOPLIST_KEY_UISupportedInterfaceOrientations_iPad = "UIInterfaceOrientationPortrait UIInterfaceOrientationPortraitUpsideDown UIInterfaceOrientationLandscapeLeft UIInterfaceOrientationLandscapeRight";
				INFOPLIST_KEY_UISupportedInterfaceOrientations_iPhone = "UIInterfaceOrientationPortrait UIInterfaceOrientationLandscapeLeft UIInterfaceOrientationLandscapeRight";
				IPHONEOS_DEPLOYMENT_TARGET = 14.0;
				LD_RUNPATH_SEARCH_PATHS = (
					"$(inherited)",
					"@executable_path/Frameworks",
				);
				MARKETING_VERSION = 1.0;
				PRODUCT_BUNDLE_IDENTIFIER = me.synology.dhrohsy.Timetable;
				PRODUCT_NAME = "$(TARGET_NAME)";
				SWIFT_EMIT_LOC_STRINGS = YES;
				SWIFT_VERSION = 5.0;
				TARGETED_DEVICE_FAMILY = "1,2";
			};
			name = Debug;
		};
		95A09455271C7D2D0056F8E2 /* Release */ = {
			isa = XCBuildConfiguration;
			buildSettings = {
				ASSETCATALOG_COMPILER_APPICON_NAME = AppIcon;
				ASSETCATALOG_COMPILER_GLOBAL_ACCENT_COLOR_NAME = AccentColor;
				CODE_SIGN_STYLE = Automatic;
				CURRENT_PROJECT_VERSION = 1;
				DEVELOPMENT_ASSET_PATHS = "\"Timetable/Preview Content\"";
				DEVELOPMENT_TEAM = S22BM23G87;
				ENABLE_PREVIEWS = YES;
				GENERATE_INFOPLIST_FILE = YES;
				INFOPLIST_FILE = Timetable/Info.plist;
				INFOPLIST_KEY_UIApplicationSceneManifest_Generation = YES;
				INFOPLIST_KEY_UIApplicationSupportsIndirectInputEvents = YES;
				INFOPLIST_KEY_UILaunchScreen_Generation = YES;
				INFOPLIST_KEY_UISupportedInterfaceOrientations_iPad = "UIInterfaceOrientationPortrait UIInterfaceOrientationPortraitUpsideDown UIInterfaceOrientationLandscapeLeft UIInterfaceOrientationLandscapeRight";
				INFOPLIST_KEY_UISupportedInterfaceOrientations_iPhone = "UIInterfaceOrientationPortrait UIInterfaceOrientationLandscapeLeft UIInterfaceOrientationLandscapeRight";
				IPHONEOS_DEPLOYMENT_TARGET = 14.0;
				LD_RUNPATH_SEARCH_PATHS = (
					"$(inherited)",
					"@executable_path/Frameworks",
				);
				MARKETING_VERSION = 1.0;
				PRODUCT_BUNDLE_IDENTIFIER = me.synology.dhrohsy.Timetable;
				PRODUCT_NAME = "$(TARGET_NAME)";
				SWIFT_EMIT_LOC_STRINGS = YES;
				SWIFT_VERSION = 5.0;
				TARGETED_DEVICE_FAMILY = "1,2";
			};
			name = Release;
		};
/* End XCBuildConfiguration section */

/* Begin XCConfigurationList section */
		95A09440271C7D2B0056F8E2 /* Build configuration list for PBXProject "Timetable" */ = {
			isa = XCConfigurationList;
			buildConfigurations = (
				95A09451271C7D2D0056F8E2 /* Debug */,
				95A09452271C7D2D0056F8E2 /* Release */,
			);
			defaultConfigurationIsVisible = 0;
			defaultConfigurationName = Release;
		};
		95A09453271C7D2D0056F8E2 /* Build configuration list for PBXNativeTarget "Timetable" */ = {
			isa = XCConfigurationList;
			buildConfigurations = (
				95A09454271C7D2D0056F8E2 /* Debug */,
				95A09455271C7D2D0056F8E2 /* Release */,
			);
			defaultConfigurationIsVisible = 0;
			defaultConfigurationName = Release;
		};
/* End XCConfigurationList section */
	};
	rootObject = 95A0943D271C7D2B0056F8E2 /* Project object */;
}
